// !$*UTF8*$!
{
	archiveVersion = 1;
	classes = {
	};
	objectVersion = 56;
	objects = {

/* Begin PBXBuildFile section */
		EC8C7CC32B436DD200776DDF /* AppDelegate.swift in Sources */ = {isa = PBXBuildFile; fileRef = EC8C7CC22B436DD200776DDF /* AppDelegate.swift */; };
		EC8C7CC72B436DD200776DDF /* ViewController.swift in Sources */ = {isa = PBXBuildFile; fileRef = EC8C7CC62B436DD200776DDF /* ViewController.swift */; };
		EC8C7CCC2B436DD400776DDF /* Assets.xcassets in Resources */ = {isa = PBXBuildFile; fileRef = EC8C7CCB2B436DD400776DDF /* Assets.xcassets */; };
		EC8C7CCF2B436DD400776DDF /* LaunchScreen.storyboard in Resources */ = {isa = PBXBuildFile; fileRef = EC8C7CCD2B436DD400776DDF /* LaunchScreen.storyboard */; };
		EC8C7CD92B436F0000776DDF /* SnapKit in Frameworks */ = {isa = PBXBuildFile; productRef = EC8C7CD82B436F0000776DDF /* SnapKit */; };
		EC8C7CDB2B436F0000776DDF /* SnapKit-Dynamic in Frameworks */ = {isa = PBXBuildFile; productRef = EC8C7CDA2B436F0000776DDF /* SnapKit-Dynamic */; };
		EC8C7CDF2B43776200776DDF /* ContainerModel.swift in Sources */ = {isa = PBXBuildFile; fileRef = EC8C7CDE2B43776200776DDF /* ContainerModel.swift */; };
		EC8C7CE12B4377F500776DDF /* ContainerView.swift in Sources */ = {isa = PBXBuildFile; fileRef = EC8C7CE02B4377F500776DDF /* ContainerView.swift */; };
/* End PBXBuildFile section */

/* Begin PBXFileReference section */
		EC8C7CBF2B436DD200776DDF /* NotionHw4.app */ = {isa = PBXFileReference; explicitFileType = wrapper.application; includeInIndex = 0; path = NotionHw4.app; sourceTree = BUILT_PRODUCTS_DIR; };
		EC8C7CC22B436DD200776DDF /* AppDelegate.swift */ = {isa = PBXFileReference; lastKnownFileType = sourcecode.swift; path = AppDelegate.swift; sourceTree = "<group>"; };
		EC8C7CC62B436DD200776DDF /* ViewController.swift */ = {isa = PBXFileReference; lastKnownFileType = sourcecode.swift; path = ViewController.swift; sourceTree = "<group>"; };
		EC8C7CCB2B436DD400776DDF /* Assets.xcassets */ = {isa = PBXFileReference; lastKnownFileType = folder.assetcatalog; path = Assets.xcassets; sourceTree = "<group>"; };
		EC8C7CCE2B436DD400776DDF /* Base */ = {isa = PBXFileReference; lastKnownFileType = file.storyboard; name = Base; path = Base.lproj/LaunchScreen.storyboard; sourceTree = "<group>"; };
		EC8C7CD02B436DD400776DDF /* Info.plist */ = {isa = PBXFileReference; lastKnownFileType = text.plist.xml; path = Info.plist; sourceTree = "<group>"; };
		EC8C7CDE2B43776200776DDF /* ContainerModel.swift */ = {isa = PBXFileReference; lastKnownFileType = sourcecode.swift; path = ContainerModel.swift; sourceTree = "<group>"; };
		EC8C7CE02B4377F500776DDF /* ContainerView.swift */ = {isa = PBXFileReference; lastKnownFileType = sourcecode.swift; path = ContainerView.swift; sourceTree = "<group>"; };
/* End PBXFileReference section */

/* Begin PBXFrameworksBuildPhase section */
		EC8C7CBC2B436DD200776DDF /* Frameworks */ = {
			isa = PBXFrameworksBuildPhase;
			buildActionMask = 2147483647;
			files = (
				EC8C7CD92B436F0000776DDF /* SnapKit in Frameworks */,
				EC8C7CDB2B436F0000776DDF /* SnapKit-Dynamic in Frameworks */,
			);
			runOnlyForDeploymentPostprocessing = 0;
		};
/* End PBXFrameworksBuildPhase section */

/* Begin PBXGroup section */
		EC8C7CB62B436DD200776DDF = {
			isa = PBXGroup;
			children = (
				EC8C7CC12B436DD200776DDF /* NotionHw4 */,
				EC8C7CC02B436DD200776DDF /* Products */,
			);
			sourceTree = "<group>";
		};
		EC8C7CC02B436DD200776DDF /* Products */ = {
			isa = PBXGroup;
			children = (
				EC8C7CBF2B436DD200776DDF /* NotionHw4.app */,
			);
			name = Products;
			sourceTree = "<group>";
		};
		EC8C7CC12B436DD200776DDF /* NotionHw4 */ = {
			isa = PBXGroup;
			children = (
				EC8C7CD62B436E8800776DDF /* Application */,
				EC8C7CDC2B43770B00776DDF /* Models */,
				EC8C7CDD2B43771000776DDF /* Views */,
				EC8C7CC62B436DD200776DDF /* ViewController.swift */,
				EC8C7CC22B436DD200776DDF /* AppDelegate.swift */,
			);
			path = NotionHw4;
			sourceTree = "<group>";
		};
		EC8C7CD62B436E8800776DDF /* Application */ = {
			isa = PBXGroup;
			children = (
				EC8C7CD02B436DD400776DDF /* Info.plist */,
				EC8C7CCD2B436DD400776DDF /* LaunchScreen.storyboard */,
				EC8C7CCB2B436DD400776DDF /* Assets.xcassets */,
			);
			path = Application;
			sourceTree = "<group>";
		};
		EC8C7CDC2B43770B00776DDF /* Models */ = {
			isa = PBXGroup;
			children = (
				EC8C7CDE2B43776200776DDF /* ContainerModel.swift */,
			);
			path = Models;
			sourceTree = "<group>";
		};
		EC8C7CDD2B43771000776DDF /* Views */ = {
			isa = PBXGroup;
			children = (
				EC8C7CE02B4377F500776DDF /* ContainerView.swift */,
			);
			path = Views;
			sourceTree = "<group>";
		};
/* End PBXGroup section */

/* Begin PBXNativeTarget section */
		EC8C7CBE2B436DD200776DDF /* NotionHw4 */ = {
			isa = PBXNativeTarget;
			buildConfigurationList = EC8C7CD32B436DD400776DDF /* Build configuration list for PBXNativeTarget "NotionHw4" */;
			buildPhases = (
				EC8C7CBB2B436DD200776DDF /* Sources */,
				EC8C7CBC2B436DD200776DDF /* Frameworks */,
				EC8C7CBD2B436DD200776DDF /* Resources */,
			);
			buildRules = (
			);
			dependencies = (
			);
			name = NotionHw4;
			packageProductDependencies = (
				EC8C7CD82B436F0000776DDF /* SnapKit */,
				EC8C7CDA2B436F0000776DDF /* SnapKit-Dynamic */,
			);
			productName = NotionHw4;
			productReference = EC8C7CBF2B436DD200776DDF /* NotionHw4.app */;
			productType = "com.apple.product-type.application";
		};
/* End PBXNativeTarget section */

/* Begin PBXProject section */
		EC8C7CB72B436DD200776DDF /* Project object */ = {
			isa = PBXProject;
			attributes = {
				BuildIndependentTargetsInParallel = 1;
				LastSwiftUpdateCheck = 1510;
				LastUpgradeCheck = 1510;
				TargetAttributes = {
					EC8C7CBE2B436DD200776DDF = {
						CreatedOnToolsVersion = 15.1;
					};
				};
			};
			buildConfigurationList = EC8C7CBA2B436DD200776DDF /* Build configuration list for PBXProject "NotionHw4" */;
			compatibilityVersion = "Xcode 14.0";
			developmentRegion = en;
			hasScannedForEncodings = 0;
			knownRegions = (
				en,
				Base,
			);
			mainGroup = EC8C7CB62B436DD200776DDF;
			packageReferences = (
				EC8C7CD72B436F0000776DDF /* XCRemoteSwiftPackageReference "SnapKit" */,
			);
			productRefGroup = EC8C7CC02B436DD200776DDF /* Products */;
			projectDirPath = "";
			projectRoot = "";
			targets = (
				EC8C7CBE2B436DD200776DDF /* NotionHw4 */,
			);
		};
/* End PBXProject section */

/* Begin PBXResourcesBuildPhase section */
		EC8C7CBD2B436DD200776DDF /* Resources */ = {
			isa = PBXResourcesBuildPhase;
			buildActionMask = 2147483647;
			files = (
				EC8C7CCF2B436DD400776DDF /* LaunchScreen.storyboard in Resources */,
				EC8C7CCC2B436DD400776DDF /* Assets.xcassets in Resources */,
			);
			runOnlyForDeploymentPostprocessing = 0;
		};
/* End PBXResourcesBuildPhase section */

/* Begin PBXSourcesBuildPhase section */
		EC8C7CBB2B436DD200776DDF /* Sources */ = {
			isa = PBXSourcesBuildPhase;
			buildActionMask = 2147483647;
			files = (
				EC8C7CE12B4377F500776DDF /* ContainerView.swift in Sources */,
				EC8C7CC72B436DD200776DDF /* ViewController.swift in Sources */,
				EC8C7CC32B436DD200776DDF /* AppDelegate.swift in Sources */,
				EC8C7CDF2B43776200776DDF /* ContainerModel.swift in Sources */,
			);
			runOnlyForDeploymentPostprocessing = 0;
		};
/* End PBXSourcesBuildPhase section */

/* Begin PBXVariantGroup section */
		EC8C7CCD2B436DD400776DDF /* LaunchScreen.storyboard */ = {
			isa = PBXVariantGroup;
			children = (
				EC8C7CCE2B436DD400776DDF /* Base */,
			);
			name = LaunchScreen.storyboard;
			sourceTree = "<group>";
		};
/* End PBXVariantGroup section */

/* Begin XCBuildConfiguration section */
		EC8C7CD12B436DD400776DDF /* Debug */ = {
			isa = XCBuildConfiguration;
			buildSettings = {
				ALWAYS_SEARCH_USER_PATHS = NO;
				ASSETCATALOG_COMPILER_GENERATE_SWIFT_ASSET_SYMBOL_EXTENSIONS = YES;
				CLANG_ANALYZER_NONNULL = YES;
				CLANG_ANALYZER_NUMBER_OBJECT_CONVERSION = YES_AGGRESSIVE;
				CLANG_CXX_LANGUAGE_STANDARD = "gnu++20";
				CLANG_ENABLE_MODULES = YES;
				CLANG_ENABLE_OBJC_ARC = YES;
				CLANG_ENABLE_OBJC_WEAK = YES;
				CLANG_WARN_BLOCK_CAPTURE_AUTORELEASING = YES;
				CLANG_WARN_BOOL_CONVERSION = YES;
				CLANG_WARN_COMMA = YES;
				CLANG_WARN_CONSTANT_CONVERSION = YES;
				CLANG_WARN_DEPRECATED_OBJC_IMPLEMENTATIONS = YES;
				CLANG_WARN_DIRECT_OBJC_ISA_USAGE = YES_ERROR;
				CLANG_WARN_DOCUMENTATION_COMMENTS = YES;
				CLANG_WARN_EMPTY_BODY = YES;
				CLANG_WARN_ENUM_CONVERSION = YES;
				CLANG_WARN_INFINITE_RECURSION = YES;
				CLANG_WARN_INT_CONVERSION = YES;
				CLANG_WARN_NON_LITERAL_NULL_CONVERSION = YES;
				CLANG_WARN_OBJC_IMPLICIT_RETAIN_SELF = YES;
				CLANG_WARN_OBJC_LITERAL_CONVERSION = YES;
				CLANG_WARN_OBJC_ROOT_CLASS = YES_ERROR;
				CLANG_WARN_QUOTED_INCLUDE_IN_FRAMEWORK_HEADER = YES;
				CLANG_WARN_RANGE_LOOP_ANALYSIS = YES;
				CLANG_WARN_STRICT_PROTOTYPES = YES;
				CLANG_WARN_SUSPICIOUS_MOVE = YES;
				CLANG_WARN_UNGUARDED_AVAILABILITY = YES_AGGRESSIVE;
				CLANG_WARN_UNREACHABLE_CODE = YES;
				CLANG_WARN__DUPLICATE_METHOD_MATCH = YES;
				COPY_PHASE_STRIP = NO;
				DEBUG_INFORMATION_FORMAT = dwarf;
				ENABLE_STRICT_OBJC_MSGSEND = YES;
				ENABLE_TESTABILITY = YES;
				ENABLE_USER_SCRIPT_SANDBOXING = YES;
				GCC_C_LANGUAGE_STANDARD = gnu17;
				GCC_DYNAMIC_NO_PIC = NO;
				GCC_NO_COMMON_BLOCKS = YES;
				GCC_OPTIMIZATION_LEVEL = 0;
				GCC_PREPROCESSOR_DEFINITIONS = (
					"DEBUG=1",
					"$(inherited)",
				);
				GCC_WARN_64_TO_32_BIT_CONVERSION = YES;
				GCC_WARN_ABOUT_RETURN_TYPE = YES_ERROR;
				GCC_WARN_UNDECLARED_SELECTOR = YES;
				GCC_WARN_UNINITIALIZED_AUTOS = YES_AGGRESSIVE;
				GCC_WARN_UNUSED_FUNCTION = YES;
				GCC_WARN_UNUSED_VARIABLE = YES;
				IPHONEOS_DEPLOYMENT_TARGET = 17.2;
				LOCALIZATION_PREFERS_STRING_CATALOGS = YES;
				MTL_ENABLE_DEBUG_INFO = INCLUDE_SOURCE;
				MTL_FAST_MATH = YES;
				ONLY_ACTIVE_ARCH = YES;
				SDKROOT = iphoneos;
				SWIFT_ACTIVE_COMPILATION_CONDITIONS = "DEBUG $(inherited)";
				SWIFT_OPTIMIZATION_LEVEL = "-Onone";
			};
			name = Debug;
		};
		EC8C7CD22B436DD400776DDF /* Release */ = {
			isa = XCBuildConfiguration;
			buildSettings = {
				ALWAYS_SEARCH_USER_PATHS = NO;
				ASSETCATALOG_COMPILER_GENERATE_SWIFT_ASSET_SYMBOL_EXTENSIONS = YES;
				CLANG_ANALYZER_NONNULL = YES;
				CLANG_ANALYZER_NUMBER_OBJECT_CONVERSION = YES_AGGRESSIVE;
				CLANG_CXX_LANGUAGE_STANDARD = "gnu++20";
				CLANG_ENABLE_MODULES = YES;
				CLANG_ENABLE_OBJC_ARC = YES;
				CLANG_ENABLE_OBJC_WEAK = YES;
				CLANG_WARN_BLOCK_CAPTURE_AUTORELEASING = YES;
				CLANG_WARN_BOOL_CONVERSION = YES;
				CLANG_WARN_COMMA = YES;
				CLANG_WARN_CONSTANT_CONVERSION = YES;
				CLANG_WARN_DEPRECATED_OBJC_IMPLEMENTATIONS = YES;
				CLANG_WARN_DIRECT_OBJC_ISA_USAGE = YES_ERROR;
				CLANG_WARN_DOCUMENTATION_COMMENTS = YES;
				CLANG_WARN_EMPTY_BODY = YES;
				CLANG_WARN_ENUM_CONVERSION = YES;
				CLANG_WARN_INFINITE_RECURSION = YES;
				CLANG_WARN_INT_CONVERSION = YES;
				CLANG_WARN_NON_LITERAL_NULL_CONVERSION = YES;
				CLANG_WARN_OBJC_IMPLICIT_RETAIN_SELF = YES;
				CLANG_WARN_OBJC_LITERAL_CONVERSION = YES;
				CLANG_WARN_OBJC_ROOT_CLASS = YES_ERROR;
				CLANG_WARN_QUOTED_INCLUDE_IN_FRAMEWORK_HEADER = YES;
				CLANG_WARN_RANGE_LOOP_ANALYSIS = YES;
				CLANG_WARN_STRICT_PROTOTYPES = YES;
				CLANG_WARN_SUSPICIOUS_MOVE = YES;
				CLANG_WARN_UNGUARDED_AVAILABILITY = YES_AGGRESSIVE;
				CLANG_WARN_UNREACHABLE_CODE = YES;
				CLANG_WARN__DUPLICATE_METHOD_MATCH = YES;
				COPY_PHASE_STRIP = NO;
				DEBUG_INFORMATION_FORMAT = "dwarf-with-dsym";
				ENABLE_NS_ASSERTIONS = NO;
				ENABLE_STRICT_OBJC_MSGSEND = YES;
				ENABLE_USER_SCRIPT_SANDBOXING = YES;
				GCC_C_LANGUAGE_STANDARD = gnu17;
				GCC_NO_COMMON_BLOCKS = YES;
				GCC_WARN_64_TO_32_BIT_CONVERSION = YES;
				GCC_WARN_ABOUT_RETURN_TYPE = YES_ERROR;
				GCC_WARN_UNDECLARED_SELECTOR = YES;
				GCC_WARN_UNINITIALIZED_AUTOS = YES_AGGRESSIVE;
				GCC_WARN_UNUSED_FUNCTION = YES;
				GCC_WARN_UNUSED_VARIABLE = YES;
				IPHONEOS_DEPLOYMENT_TARGET = 17.2;
				LOCALIZATION_PREFERS_STRING_CATALOGS = YES;
				MTL_ENABLE_DEBUG_INFO = NO;
				MTL_FAST_MATH = YES;
				SDKROOT = iphoneos;
				SWIFT_COMPILATION_MODE = wholemodule;
				VALIDATE_PRODUCT = YES;
			};
			name = Release;
		};
		EC8C7CD42B436DD400776DDF /* Debug */ = {
			isa = XCBuildConfiguration;
			buildSettings = {
				ASSETCATALOG_COMPILER_APPICON_NAME = AppIcon;
				ASSETCATALOG_COMPILER_GLOBAL_ACCENT_COLOR_NAME = AccentColor;
				CODE_SIGN_STYLE = Automatic;
				CURRENT_PROJECT_VERSION = 1;
				DEVELOPMENT_TEAM = X6KB2A8YM9;
				GENERATE_INFOPLIST_FILE = YES;
				INFOPLIST_FILE = NotionHw4/Application/Info.plist;
				INFOPLIST_KEY_UIApplicationSupportsIndirectInputEvents = YES;
				INFOPLIST_KEY_UILaunchStoryboardName = LaunchScreen;
				INFOPLIST_KEY_UISupportedInterfaceOrientations_iPad = "UIInterfaceOrientationPortrait UIInterfaceOrientationPortraitUpsideDown UIInterfaceOrientationLandscapeLeft UIInterfaceOrientationLandscapeRight";
				INFOPLIST_KEY_UISupportedInterfaceOrientations_iPhone = "UIInterfaceOrientationPortrait UIInterfaceOrientationLandscapeLeft UIInterfaceOrientationLandscapeRight";
				LD_RUNPATH_SEARCH_PATHS = (
					"$(inherited)",
					"@executable_path/Frameworks",
				);
				MARKETING_VERSION = 1.0;
				PRODUCT_BUNDLE_IDENTIFIER = io.raynelz.NotionHw4;
				PRODUCT_NAME = "$(TARGET_NAME)";
				SUPPORTED_PLATFORMS = "iphoneos iphonesimulator";
				SUPPORTS_MACCATALYST = NO;
				SUPPORTS_MAC_DESIGNED_FOR_IPHONE_IPAD = NO;
				SWIFT_EMIT_LOC_STRINGS = YES;
				SWIFT_VERSION = 5.0;
				TARGETED_DEVICE_FAMILY = 1;
			};
			name = Debug;
		};
		EC8C7CD52B436DD400776DDF /* Release */ = {
			isa = XCBuildConfiguration;
			buildSettings = {
				ASSETCATALOG_COMPILER_APPICON_NAME = AppIcon;
				ASSETCATALOG_COMPILER_GLOBAL_ACCENT_COLOR_NAME = AccentColor;
				CODE_SIGN_STYLE = Automatic;
				CURRENT_PROJECT_VERSION = 1;
				DEVELOPMENT_TEAM = X6KB2A8YM9;
				GENERATE_INFOPLIST_FILE = YES;
				INFOPLIST_FILE = NotionHw4/Application/Info.plist;
				INFOPLIST_KEY_UIApplicationSupportsIndirectInputEvents = YES;
				INFOPLIST_KEY_UILaunchStoryboardName = LaunchScreen;
				INFOPLIST_KEY_UISupportedInterfaceOrientations_iPad = "UIInterfaceOrientationPortrait UIInterfaceOrientationPortraitUpsideDown UIInterfaceOrientationLandscapeLeft UIInterfaceOrientationLandscapeRight";
				INFOPLIST_KEY_UISupportedInterfaceOrientations_iPhone = "UIInterfaceOrientationPortrait UIInterfaceOrientationLandscapeLeft UIInterfaceOrientationLandscapeRight";
				LD_RUNPATH_SEARCH_PATHS = (
					"$(inherited)",
					"@executable_path/Frameworks",
				);
				MARKETING_VERSION = 1.0;
				PRODUCT_BUNDLE_IDENTIFIER = io.raynelz.NotionHw4;
				PRODUCT_NAME = "$(TARGET_NAME)";
				SUPPORTED_PLATFORMS = "iphoneos iphonesimulator";
				SUPPORTS_MACCATALYST = NO;
				SUPPORTS_MAC_DESIGNED_FOR_IPHONE_IPAD = NO;
				SWIFT_EMIT_LOC_STRINGS = YES;
				SWIFT_VERSION = 5.0;
				TARGETED_DEVICE_FAMILY = 1;
			};
			name = Release;
		};
/* End XCBuildConfiguration section */

/* Begin XCConfigurationList section */
		EC8C7CBA2B436DD200776DDF /* Build configuration list for PBXProject "NotionHw4" */ = {
			isa = XCConfigurationList;
			buildConfigurations = (
				EC8C7CD12B436DD400776DDF /* Debug */,
				EC8C7CD22B436DD400776DDF /* Release */,
			);
			defaultConfigurationIsVisible = 0;
			defaultConfigurationName = Release;
		};
		EC8C7CD32B436DD400776DDF /* Build configuration list for PBXNativeTarget "NotionHw4" */ = {
			isa = XCConfigurationList;
			buildConfigurations = (
				EC8C7CD42B436DD400776DDF /* Debug */,
				EC8C7CD52B436DD400776DDF /* Release */,
			);
			defaultConfigurationIsVisible = 0;
			defaultConfigurationName = Release;
		};
/* End XCConfigurationList section */

/* Begin XCRemoteSwiftPackageReference section */
		EC8C7CD72B436F0000776DDF /* XCRemoteSwiftPackageReference "SnapKit" */ = {
			isa = XCRemoteSwiftPackageReference;
			repositoryURL = "git@github.com:SnapKit/SnapKit.git";
			requirement = {
				kind = upToNextMajorVersion;
				minimumVersion = 5.7.0;
			};
		};
/* End XCRemoteSwiftPackageReference section */

/* Begin XCSwiftPackageProductDependency section */
		EC8C7CD82B436F0000776DDF /* SnapKit */ = {
			isa = XCSwiftPackageProductDependency;
			package = EC8C7CD72B436F0000776DDF /* XCRemoteSwiftPackageReference "SnapKit" */;
			productName = SnapKit;
		};
		EC8C7CDA2B436F0000776DDF /* SnapKit-Dynamic */ = {
			isa = XCSwiftPackageProductDependency;
			package = EC8C7CD72B436F0000776DDF /* XCRemoteSwiftPackageReference "SnapKit" */;
			productName = "SnapKit-Dynamic";
		};
/* End XCSwiftPackageProductDependency section */
	};
	rootObject = EC8C7CB72B436DD200776DDF /* Project object */;
}
